
Microsoft Visual Studio Solution File, Format Version 12.00
# Visual Studio Version 17
VisualStudioVersion = 17.0.31903.59
MinimumVisualStudioVersion = 10.0.40219.1
Project("{FAE04EC0-301F-11D3-BF4B-00C04F79EFBC}") = "P1_1Classes", "P1_1Classes\P1_1Classes.csproj", "{8064B076-7B06-4374-B8A7-1078F4E31404}"
EndProject
Project("{FAE04EC0-301F-11D3-BF4B-00C04F79EFBC}") = "P1People", "P1People\P1People.csproj", "{5AFB6DFE-94F6-450D-B1FD-3490E43E5AA0}"
EndProject
Project("{FAE04EC0-301F-11D3-BF4B-00C04F79EFBC}") = "P2Fields", "P2Fields\P2Fields.csproj", "{F3F2C690-8502-4BD1-95DF-54ED3BE1A075}"
EndProject
Project("{FAE04EC0-301F-11D3-BF4B-00C04F79EFBC}") = "P2_1PlayerGold", "P2_1PlayerGold\P2_1PlayerGold.csproj", "{438C4B4A-2AD0-4F25-89F0-11F11423A3B4}"
EndProject
Project("{FAE04EC0-301F-11D3-BF4B-00C04F79EFBC}") = "P2_2ItemValues", "P2_2ItemValues\P2_2ItemValues.csproj", "{ADEB64ED-B686-4F4F-B804-45ECAFEA953C}"
EndProject
Project("{FAE04EC0-301F-11D3-BF4B-00C04F79EFBC}") = "P3LevelUp", "P3LevelUp\P3LevelUp.csproj", "{EDF2900B-F783-49EA-A5FE-15F2BDE9BD65}"
EndProject
Project("{FAE04EC0-301F-11D3-BF4B-00C04F79EFBC}") = "P3_1HelloWorld", "P3_1HelloWorld\P3_1HelloWorld.csproj", "{27DFE258-2249-447A-A995-6A0AA4FB2B53}"
EndProject
Project("{FAE04EC0-301F-11D3-BF4B-00C04F79EFBC}") = "P3_2People", "P3_2People\P3_2People.csproj", "{4585641E-C5BD-453D-A810-154F63E4E5D9}"
EndProject
Project("{FAE04EC0-301F-11D3-BF4B-00C04F79EFBC}") = "P3_3OpenDoor", "P3_3OpenDoor\P3_3OpenDoor.csproj", "{F7A1563D-66CE-40F1-B738-6E1599E1381D}"
EndProject
Project("{FAE04EC0-301F-11D3-BF4B-00C04F79EFBC}") = "P4_1Replacing", "P4_1Replacing\P4_1Replacing.csproj", "{BCED7217-05BB-41D1-A3FA-96D537CFC5DC}"
EndProject
Project("{FAE04EC0-301F-11D3-BF4B-00C04F79EFBC}") = "P4Attack", "P4Attack\P4Attack.csproj", "{44FC2F9F-C910-4D41-BE3D-0F888904BADC}"
EndProject
Project("{FAE04EC0-301F-11D3-BF4B-00C04F79EFBC}") = "P4_2AllTheSame", "P4_2AllTheSame\P4_2AllTheSame.csproj", "{C90C3B7E-56EE-46D6-96AB-B568B068CC97}"
EndProject
Project("{FAE04EC0-301F-11D3-BF4B-00C04F79EFBC}") = "RPG", "RPG\RPG.csproj", "{96A19104-AEFF-404F-8799-63E73055E17F}"
EndProject
Project("{FAE04EC0-301F-11D3-BF4B-00C04F79EFBC}") = "P4_3PassingReferences", "P4_3PassingReferences\P4_3PassingReferences.csproj", "{46697C06-F698-4324-9AC2-A3DF9E6E9C01}"
EndProject
Project("{FAE04EC0-301F-11D3-BF4B-00C04F79EFBC}") = "P5_1Father", "P5_1Father\P5_1Father.csproj", "{3EADA257-5ABC-4F90-84F4-DBB056FD7ABE}"
EndProject
Project("{FAE04EC0-301F-11D3-BF4B-00C04F79EFBC}") = "P5_2Harvest", "P5_2Harvest\P5_2Harvest.csproj", "{C8BCB079-28EF-4F5F-90BB-DBB251185752}"
EndProject
Project("{FAE04EC0-301F-11D3-BF4B-00C04F79EFBC}") = "P5Classified", "P5Classified\P5Classified.csproj", "{A1D5FC9B-B1A9-40EA-81EF-082AC4846474}"
EndProject
Project("{FAE04EC0-301F-11D3-BF4B-00C04F79EFBC}") = "P6_1WellHelloThere", "P6_1WellHelloThere\P6_1WellHelloThere.csproj", "{BF72D65D-8B3F-4B0A-B5FB-382BF7BD5627}"
EndProject
Project("{FAE04EC0-301F-11D3-BF4B-00C04F79EFBC}") = "P6GoodKnight", "P6GoodKnight\P6GoodKnight.csproj", "{2B5AB7D2-C415-41C4-89B0-E977CEFCADFD}"
EndProject
Global
	GlobalSection(SolutionConfigurationPlatforms) = preSolution
		Debug|Any CPU = Debug|Any CPU
		Release|Any CPU = Release|Any CPU
	EndGlobalSection
	GlobalSection(SolutionProperties) = preSolution
		HideSolutionNode = FALSE
	EndGlobalSection
	GlobalSection(ProjectConfigurationPlatforms) = postSolution
		{8064B076-7B06-4374-B8A7-1078F4E31404}.Debug|Any CPU.ActiveCfg = Debug|Any CPU
		{8064B076-7B06-4374-B8A7-1078F4E31404}.Debug|Any CPU.Build.0 = Debug|Any CPU
		{8064B076-7B06-4374-B8A7-1078F4E31404}.Release|Any CPU.ActiveCfg = Release|Any CPU
		{8064B076-7B06-4374-B8A7-1078F4E31404}.Release|Any CPU.Build.0 = Release|Any CPU
		{5AFB6DFE-94F6-450D-B1FD-3490E43E5AA0}.Debug|Any CPU.ActiveCfg = Debug|Any CPU
		{5AFB6DFE-94F6-450D-B1FD-3490E43E5AA0}.Debug|Any CPU.Build.0 = Debug|Any CPU
		{5AFB6DFE-94F6-450D-B1FD-3490E43E5AA0}.Release|Any CPU.ActiveCfg = Release|Any CPU
		{5AFB6DFE-94F6-450D-B1FD-3490E43E5AA0}.Release|Any CPU.Build.0 = Release|Any CPU
		{F3F2C690-8502-4BD1-95DF-54ED3BE1A075}.Debug|Any CPU.ActiveCfg = Debug|Any CPU
		{F3F2C690-8502-4BD1-95DF-54ED3BE1A075}.Debug|Any CPU.Build.0 = Debug|Any CPU
		{F3F2C690-8502-4BD1-95DF-54ED3BE1A075}.Release|Any CPU.ActiveCfg = Release|Any CPU
		{F3F2C690-8502-4BD1-95DF-54ED3BE1A075}.Release|Any CPU.Build.0 = Release|Any CPU
		{438C4B4A-2AD0-4F25-89F0-11F11423A3B4}.Debug|Any CPU.ActiveCfg = Debug|Any CPU
		{438C4B4A-2AD0-4F25-89F0-11F11423A3B4}.Debug|Any CPU.Build.0 = Debug|Any CPU
		{438C4B4A-2AD0-4F25-89F0-11F11423A3B4}.Release|Any CPU.ActiveCfg = Release|Any CPU
		{438C4B4A-2AD0-4F25-89F0-11F11423A3B4}.Release|Any CPU.Build.0 = Release|Any CPU
		{ADEB64ED-B686-4F4F-B804-45ECAFEA953C}.Debug|Any CPU.ActiveCfg = Debug|Any CPU
		{ADEB64ED-B686-4F4F-B804-45ECAFEA953C}.Debug|Any CPU.Build.0 = Debug|Any CPU
		{ADEB64ED-B686-4F4F-B804-45ECAFEA953C}.Release|Any CPU.ActiveCfg = Release|Any CPU
		{ADEB64ED-B686-4F4F-B804-45ECAFEA953C}.Release|Any CPU.Build.0 = Release|Any CPU
		{EDF2900B-F783-49EA-A5FE-15F2BDE9BD65}.Debug|Any CPU.ActiveCfg = Debug|Any CPU
		{EDF2900B-F783-49EA-A5FE-15F2BDE9BD65}.Debug|Any CPU.Build.0 = Debug|Any CPU
		{EDF2900B-F783-49EA-A5FE-15F2BDE9BD65}.Release|Any CPU.ActiveCfg = Release|Any CPU
		{EDF2900B-F783-49EA-A5FE-15F2BDE9BD65}.Release|Any CPU.Build.0 = Release|Any CPU
		{27DFE258-2249-447A-A995-6A0AA4FB2B53}.Debug|Any CPU.ActiveCfg = Debug|Any CPU
		{27DFE258-2249-447A-A995-6A0AA4FB2B53}.Debug|Any CPU.Build.0 = Debug|Any CPU
		{27DFE258-2249-447A-A995-6A0AA4FB2B53}.Release|Any CPU.ActiveCfg = Release|Any CPU
		{27DFE258-2249-447A-A995-6A0AA4FB2B53}.Release|Any CPU.Build.0 = Release|Any CPU
		{4585641E-C5BD-453D-A810-154F63E4E5D9}.Debug|Any CPU.ActiveCfg = Debug|Any CPU
		{4585641E-C5BD-453D-A810-154F63E4E5D9}.Debug|Any CPU.Build.0 = Debug|Any CPU
		{4585641E-C5BD-453D-A810-154F63E4E5D9}.Release|Any CPU.ActiveCfg = Release|Any CPU
		{4585641E-C5BD-453D-A810-154F63E4E5D9}.Release|Any CPU.Build.0 = Release|Any CPU
		{F7A1563D-66CE-40F1-B738-6E1599E1381D}.Debug|Any CPU.ActiveCfg = Debug|Any CPU
		{F7A1563D-66CE-40F1-B738-6E1599E1381D}.Debug|Any CPU.Build.0 = Debug|Any CPU
		{F7A1563D-66CE-40F1-B738-6E1599E1381D}.Release|Any CPU.ActiveCfg = Release|Any CPU
		{F7A1563D-66CE-40F1-B738-6E1599E1381D}.Release|Any CPU.Build.0 = Release|Any CPU
		{BCED7217-05BB-41D1-A3FA-96D537CFC5DC}.Debug|Any CPU.ActiveCfg = Debug|Any CPU
		{BCED7217-05BB-41D1-A3FA-96D537CFC5DC}.Debug|Any CPU.Build.0 = Debug|Any CPU
		{BCED7217-05BB-41D1-A3FA-96D537CFC5DC}.Release|Any CPU.ActiveCfg = Release|Any CPU
		{BCED7217-05BB-41D1-A3FA-96D537CFC5DC}.Release|Any CPU.Build.0 = Release|Any CPU
		{44FC2F9F-C910-4D41-BE3D-0F888904BADC}.Debug|Any CPU.ActiveCfg = Debug|Any CPU
		{44FC2F9F-C910-4D41-BE3D-0F888904BADC}.Debug|Any CPU.Build.0 = Debug|Any CPU
		{44FC2F9F-C910-4D41-BE3D-0F888904BADC}.Release|Any CPU.ActiveCfg = Release|Any CPU
		{44FC2F9F-C910-4D41-BE3D-0F888904BADC}.Release|Any CPU.Build.0 = Release|Any CPU
		{C90C3B7E-56EE-46D6-96AB-B568B068CC97}.Debug|Any CPU.ActiveCfg = Debug|Any CPU
		{C90C3B7E-56EE-46D6-96AB-B568B068CC97}.Debug|Any CPU.Build.0 = Debug|Any CPU
		{C90C3B7E-56EE-46D6-96AB-B568B068CC97}.Release|Any CPU.ActiveCfg = Release|Any CPU
		{C90C3B7E-56EE-46D6-96AB-B568B068CC97}.Release|Any CPU.Build.0 = Release|Any CPU
		{96A19104-AEFF-404F-8799-63E73055E17F}.Debug|Any CPU.ActiveCfg = Debug|Any CPU
		{96A19104-AEFF-404F-8799-63E73055E17F}.Debug|Any CPU.Build.0 = Debug|Any CPU
		{96A19104-AEFF-404F-8799-63E73055E17F}.Release|Any CPU.ActiveCfg = Release|Any CPU
		{96A19104-AEFF-404F-8799-63E73055E17F}.Release|Any CPU.Build.0 = Release|Any CPU
		{46697C06-F698-4324-9AC2-A3DF9E6E9C01}.Debug|Any CPU.ActiveCfg = Debug|Any CPU
		{46697C06-F698-4324-9AC2-A3DF9E6E9C01}.Debug|Any CPU.Build.0 = Debug|Any CPU
		{46697C06-F698-4324-9AC2-A3DF9E6E9C01}.Release|Any CPU.ActiveCfg = Release|Any CPU
		{46697C06-F698-4324-9AC2-A3DF9E6E9C01}.Release|Any CPU.Build.0 = Release|Any CPU
		{3EADA257-5ABC-4F90-84F4-DBB056FD7ABE}.Debug|Any CPU.ActiveCfg = Debug|Any CPU
		{3EADA257-5ABC-4F90-84F4-DBB056FD7ABE}.Debug|Any CPU.Build.0 = Debug|Any CPU
		{3EADA257-5ABC-4F90-84F4-DBB056FD7ABE}.Release|Any CPU.ActiveCfg = Release|Any CPU
		{3EADA257-5ABC-4F90-84F4-DBB056FD7ABE}.Release|Any CPU.Build.0 = Release|Any CPU
		{C8BCB079-28EF-4F5F-90BB-DBB251185752}.Debug|Any CPU.ActiveCfg = Debug|Any CPU
		{C8BCB079-28EF-4F5F-90BB-DBB251185752}.Debug|Any CPU.Build.0 = Debug|Any CPU
		{C8BCB079-28EF-4F5F-90BB-DBB251185752}.Release|Any CPU.ActiveCfg = Release|Any CPU
		{C8BCB079-28EF-4F5F-90BB-DBB251185752}.Release|Any CPU.Build.0 = Release|Any CPU
		{A1D5FC9B-B1A9-40EA-81EF-082AC4846474}.Debug|Any CPU.ActiveCfg = Debug|Any CPU
		{A1D5FC9B-B1A9-40EA-81EF-082AC4846474}.Debug|Any CPU.Build.0 = Debug|Any CPU
		{A1D5FC9B-B1A9-40EA-81EF-082AC4846474}.Release|Any CPU.ActiveCfg = Release|Any CPU
		{A1D5FC9B-B1A9-40EA-81EF-082AC4846474}.Release|Any CPU.Build.0 = Release|Any CPU
		{BF72D65D-8B3F-4B0A-B5FB-382BF7BD5627}.Debug|Any CPU.ActiveCfg = Debug|Any CPU
		{BF72D65D-8B3F-4B0A-B5FB-382BF7BD5627}.Debug|Any CPU.Build.0 = Debug|Any CPU
		{BF72D65D-8B3F-4B0A-B5FB-382BF7BD5627}.Release|Any CPU.ActiveCfg = Release|Any CPU
		{BF72D65D-8B3F-4B0A-B5FB-382BF7BD5627}.Release|Any CPU.Build.0 = Release|Any CPU
		{2B5AB7D2-C415-41C4-89B0-E977CEFCADFD}.Debug|Any CPU.ActiveCfg = Debug|Any CPU
		{2B5AB7D2-C415-41C4-89B0-E977CEFCADFD}.Debug|Any CPU.Build.0 = Debug|Any CPU
		{2B5AB7D2-C415-41C4-89B0-E977CEFCADFD}.Release|Any CPU.ActiveCfg = Release|Any CPU
		{2B5AB7D2-C415-41C4-89B0-E977CEFCADFD}.Release|Any CPU.Build.0 = Release|Any CPU
	EndGlobalSection
EndGlobal
